<?xml version="1.0" encoding="utf-8"?>
<Project ToolsVersion="4.0" xmlns="http://schemas.microsoft.com/developer/msbuild/2003">
  <ItemGroup>
    <Filter Include="Source Files">
      <UniqueIdentifier>{4FC737F1-C7A5-4376-A066-2A32D752A2FF}</UniqueIdentifier>
      <Extensions>cpp;c;cc;cxx;def;odl;idl;hpj;bat;asm;asmx</Extensions>
    </Filter>
    <Filter Include="Header Files">
      <UniqueIdentifier>{93995380-89BD-4b04-88EB-625FBE52EBFB}</UniqueIdentifier>
      <Extensions>h;hh;hpp;hxx;hm;inl;inc;xsd</Extensions>
    </Filter>
    <Filter Include="Resource Files">
      <UniqueIdentifier>{67DA6AB6-F800-4c08-8B7A-83BB121AAD01}</UniqueIdentifier>
      <Extensions>rc;ico;cur;bmp;dlg;rc2;rct;bin;rgs;gif;jpg;jpeg;jpe;resx;tiff;tif;png;wav;mfcribbon-ms</Extensions>
    </Filter>
    <Filter Include="Source Files\Input">
      <UniqueIdentifier>{ce9bc6e6-13b8-4e2f-a18e-7d25b02942c3}</UniqueIdentifier>
    </Filter>
    <Filter Include="Header Files\Input">
      <UniqueIdentifier>{8f0fec16-2b22-43db-99dd-d2e01d85f825}</UniqueIdentifier>
    </Filter>
    <Filter Include="Header Files\shapes">
      <UniqueIdentifier>{161a4965-d737-4ede-977a-a66df50fac83}</UniqueIdentifier>
    </Filter>
    <Filter Include="Header Files\primitives">
      <UniqueIdentifier>{faf5d1e1-713c-4a21-ae41-2e067d4f4205}</UniqueIdentifier>
    </Filter>
    <Filter Include="Source Files\primitives">
      <UniqueIdentifier>{de93e36d-01ce-48f6-8ec7-eac5f762620d}</UniqueIdentifier>
    </Filter>
    <Filter Include="Source Files\shapes">
      <UniqueIdentifier>{37580aa3-67dc-473b-8b96-945b2c6797d5}</UniqueIdentifier>
    </Filter>
    <Filter Include="Source Files\Art Pieces">
      <UniqueIdentifier>{f87efdef-1af8-4221-980f-c94c13b2e21f}</UniqueIdentifier>
    </Filter>
    <Filter Include="Header Files\Art Pieces">
      <UniqueIdentifier>{288b6d29-ae57-4e03-8243-e420599a2a67}</UniqueIdentifier>
    </Filter>
    <Filter Include="Header Files\Building">
      <UniqueIdentifier>{8aad1729-c25c-4a9d-bfde-3eaabfbc6acc}</UniqueIdentifier>
    </Filter>
    <Filter Include="Source Files\Building">
      <UniqueIdentifier>{cc8f26d0-e8dd-4fbb-aa61-fcb4778f95b0}</UniqueIdentifier>
    </Filter>
  </ItemGroup>
  <ItemGroup>
    <ClInclude Include="targetver.h">
      <Filter>Header Files</Filter>
    </ClInclude>
    <ClInclude Include="GLFWCallbackHandler.h">
      <Filter>Header Files\Input</Filter>
    </ClInclude>
    <ClInclude Include="GLFWCallback.h">
      <Filter>Header Files\Input</Filter>
    </ClInclude>
    <ClInclude Include="Display.h">
      <Filter>Header Files</Filter>
    </ClInclude>
    <ClInclude Include="Shader.h">
      <Filter>Header Files</Filter>
    </ClInclude>
    <ClInclude Include="FileReader.h">
      <Filter>Header Files</Filter>
    </ClInclude>
    <ClInclude Include="Camera.h">
      <Filter>Header Files</Filter>
    </ClInclude>
    <ClInclude Include="MVPTransform.h">
      <Filter>Header Files\primitives</Filter>
    </ClInclude>
    <ClInclude Include="SharedData.h">
      <Filter>Header Files\primitives</Filter>
    </ClInclude>
    <ClInclude Include="Vertex.h">
      <Filter>Header Files\primitives</Filter>
    </ClInclude>
    <ClInclude Include="Mesh.h">
      <Filter>Header Files\primitives</Filter>
    </ClInclude>
    <ClInclude Include="Cube.h">
      <Filter>Header Files\shapes</Filter>
    </ClInclude>
    <ClInclude Include="Plane.h">
      <Filter>Header Files\shapes</Filter>
    </ClInclude>
    <ClInclude Include="MeshManager.h">
      <Filter>Header Files\primitives</Filter>
    </ClInclude>
    <ClInclude Include="Cylinder.h">
      <Filter>Header Files\shapes</Filter>
    </ClInclude>
    <ClInclude Include="Circle.h">
      <Filter>Header Files\shapes</Filter>
    </ClInclude>
    <ClInclude Include="RandomShape.h">
      <Filter>Header Files\shapes</Filter>
    </ClInclude>
    <ClInclude Include="Cone.h">
      <Filter>Header Files\shapes</Filter>
    </ClInclude>
    <ClInclude Include="Pedestal.h">
      <Filter>Header Files\Art Pieces</Filter>
    </ClInclude>
    <ClInclude Include="Color.h">
      <Filter>Header Files\primitives</Filter>
    </ClInclude>
    <ClInclude Include="Room.h">
      <Filter>Header Files\Building</Filter>
    </ClInclude>
    <ClInclude Include="RoomGen.h">
      <Filter>Header Files\Building</Filter>
    </ClInclude>
    <ClInclude Include="Hallway.h">
      <Filter>Header Files\Building</Filter>
    </ClInclude>
    <ClInclude Include="Material.h">
      <Filter>Header Files\primitives</Filter>
    </ClInclude>
    <ClInclude Include="Light.h">
      <Filter>Header Files\primitives</Filter>
    </ClInclude>
    <ClInclude Include="Texture.h">
      <Filter>Header Files\primitives</Filter>
    </ClInclude>
    <ClInclude Include="Painting.h">
      <Filter>Header Files\Art Pieces</Filter>
    </ClInclude>
    <ClInclude Include="BoundingBox.h">
      <Filter>Header Files</Filter>
    </ClInclude>
    <ClInclude Include="Bench.h">
      <Filter>Header Files</Filter>
    </ClInclude>
  </ItemGroup>
  <ItemGroup>
    <ClCompile Include="GLFWCallbackHandler.cpp">
      <Filter>Source Files\Input</Filter>
    </ClCompile>
    <ClCompile Include="GLFWCallback.cpp">
      <Filter>Source Files\Input</Filter>
    </ClCompile>
    <ClCompile Include="Main.cpp">
      <Filter>Source Files</Filter>
    </ClCompile>
    <ClCompile Include="Display.cpp">
      <Filter>Source Files</Filter>
    </ClCompile>
    <ClCompile Include="Shader.cpp">
      <Filter>Source Files</Filter>
    </ClCompile>
    <ClCompile Include="FileReader.cpp">
      <Filter>Source Files</Filter>
    </ClCompile>
    <ClCompile Include="Camera.cpp">
      <Filter>Source Files</Filter>
    </ClCompile>
    <ClCompile Include="Mesh.cpp">
      <Filter>Source Files\primitives</Filter>
    </ClCompile>
    <ClCompile Include="MeshManager.cpp">
      <Filter>Source Files\primitives</Filter>
    </ClCompile>
    <ClCompile Include="Cube.cpp">
      <Filter>Source Files\shapes</Filter>
    </ClCompile>
    <ClCompile Include="Plane.cpp">
      <Filter>Source Files\shapes</Filter>
    </ClCompile>
    <ClCompile Include="Cylinder.cpp">
      <Filter>Source Files\shapes</Filter>
    </ClCompile>
    <ClCompile Include="Circle.cpp">
      <Filter>Source Files\shapes</Filter>
    </ClCompile>
    <ClCompile Include="RandomShape.cpp">
      <Filter>Source Files\shapes</Filter>
    </ClCompile>
    <ClCompile Include="Cone.cpp">
      <Filter>Source Files\shapes</Filter>
    </ClCompile>
    <ClCompile Include="Pedestal.cpp">
      <Filter>Source Files\Art Pieces</Filter>
    </ClCompile>
    <ClCompile Include="Room.cpp">
      <Filter>Source Files\Building</Filter>
    </ClCompile>
    <ClCompile Include="RoomGen.cpp">
      <Filter>Source Files\Building</Filter>
    </ClCompile>
    <ClCompile Include="Hallway.cpp">
      <Filter>Source Files\Building</Filter>
    </ClCompile>
    <ClCompile Include="Painting.cpp">
      <Filter>Source Files\Art Pieces</Filter>
    </ClCompile>
    <ClCompile Include="Bench.cpp">
      <Filter>Source Files</Filter>
    </ClCompile>
    <ClCompile Include="Texture.cpp">
      <Filter>Source Files\primitives</Filter>
    </ClCompile>
  </ItemGroup>
  <ItemGroup>
    <None Include="shader.frag">
      <Filter>Resource Files</Filter>
    </None>
    <None Include="shader.vert">
      <Filter>Resource Files</Filter>
    </None>
    <None Include="debug_shader.vert" />
    <None Include="debug_shader.frag" />
  </ItemGroup>
</Project>